
Microsoft Visual Studio Solution File, Format Version 12.00
# Visual Studio 2013
VisualStudioVersion = 12.0.30723.0
MinimumVisualStudioVersion = 10.0.40219.1
Project("{FAE04EC0-301F-11D3-BF4B-00C04F79EFBC}") = "WorkManager", "WorkManager\WorkManager.csproj", "{90777860-6679-445C-B932-47C3E4E1627A}"
EndProject
Project("{FAE04EC0-301F-11D3-BF4B-00C04F79EFBC}") = "WorkManager.TestsOld", "WorkManager.Tests\WorkManager.TestsOld.csproj", "{AD9604D2-940A-4AE3-8B87-128CBA25193C}"
EndProject
Global
	GlobalSection(SolutionConfigurationPlatforms) = preSolution
		Debug|Any CPU = Debug|Any CPU
		Release|Any CPU = Release|Any CPU
	EndGlobalSection
	GlobalSection(ProjectConfigurationPlatforms) = postSolution
		{90777860-6679-445C-B932-47C3E4E1627A}.Debug|Any CPU.ActiveCfg = Debug|Any CPU
		{90777860-6679-445C-B932-47C3E4E1627A}.Debug|Any CPU.Build.0 = Debug|Any CPU
		{90777860-6679-445C-B932-47C3E4E1627A}.Release|Any CPU.ActiveCfg = Release|Any CPU
		{90777860-6679-445C-B932-47C3E4E1627A}.Release|Any CPU.Build.0 = Release|Any CPU
		{AD9604D2-940A-4AE3-8B87-128CBA25193C}.Debug|Any CPU.ActiveCfg = Debug|Any CPU
		{AD9604D2-940A-4AE3-8B87-128CBA25193C}.Debug|Any CPU.Build.0 = Debug|Any CPU
		{AD9604D2-940A-4AE3-8B87-128CBA25193C}.Release|Any CPU.ActiveCfg = Release|Any CPU
		{AD9604D2-940A-4AE3-8B87-128CBA25193C}.Release|Any CPU.Build.0 = Release|Any CPU
	EndGlobalSection
	GlobalSection(SolutionProperties) = preSolution
		HideSolutionNode = FALSE
	EndGlobalSection
EndGlobal
